
Microsoft Visual Studio Solution File, Format Version 12.00
# Visual Studio Version 17
VisualStudioVersion = 17.8.34330.188
MinimumVisualStudioVersion = 10.0.40219.1
Project("{FAE04EC0-301F-11D3-BF4B-00C04F79EFBC}") = "GestionAppWeb", "GestionAppWeb\GestionAppWeb.csproj", "{3BDBDF59-E244-4F63-8336-FA2DDE4F3FDF}"
EndProject
Global
	GlobalSection(SolutionConfigurationPlatforms) = preSolution
		Debug|Any CPU = Debug|Any CPU
		Release|Any CPU = Release|Any CPU
	EndGlobalSection
	GlobalSection(ProjectConfigurationPlatforms) = postSolution
		{3BDBDF59-E244-4F63-8336-FA2DDE4F3FDF}.Debug|Any CPU.ActiveCfg = Debug|Any CPU
		{3BDBDF59-E244-4F63-8336-FA2DDE4F3FDF}.Debug|Any CPU.Build.0 = Debug|Any CPU
		{3BDBDF59-E244-4F63-8336-FA2DDE4F3FDF}.Release|Any CPU.ActiveCfg = Release|Any CPU
		{3BDBDF59-E244-4F63-8336-FA2DDE4F3FDF}.Release|Any CPU.Build.0 = Release|Any CPU
	EndGlobalSection
	GlobalSection(SolutionProperties) = preSolution
		HideSolutionNode = FALSE
	EndGlobalSection
	GlobalSection(ExtensibilityGlobals) = postSolution
		SolutionGuid = {9A80DBEB-EB96-4252-8C2E-702815CF8CF7}
	EndGlobalSection
EndGlobal
